
Microsoft Visual Studio Solution File, Format Version 12.00
# Visual Studio Version 16
VisualStudioVersion = 25.0.1706.4
MinimumVisualStudioVersion = 10.0.40219.1
Project("{FAE04EC0-301F-11D3-BF4B-00C04F79EFBC}") = "ActronAirTestRESTAPI", "ActronAirTestRESTAPI\ActronAirTestRESTAPI.csproj", "{84FA2E8D-5B85-41A7-B256-DA186949B948}"
EndProject
Project("{FAE04EC0-301F-11D3-BF4B-00C04F79EFBC}") = "ActronAirUnitTest", "ActronAirUnitTest\ActronAirUnitTest.csproj", "{F8E6E3FE-AEEB-4B8C-9991-26173099EB11}"
EndProject
Global
	GlobalSection(SolutionConfigurationPlatforms) = preSolution
		Debug|Any CPU = Debug|Any CPU
		Release|Any CPU = Release|Any CPU
	EndGlobalSection
	GlobalSection(ProjectConfigurationPlatforms) = postSolution
		{84FA2E8D-5B85-41A7-B256-DA186949B948}.Debug|Any CPU.ActiveCfg = Debug|Any CPU
		{84FA2E8D-5B85-41A7-B256-DA186949B948}.Debug|Any CPU.Build.0 = Debug|Any CPU
		{84FA2E8D-5B85-41A7-B256-DA186949B948}.Release|Any CPU.ActiveCfg = Release|Any CPU
		{84FA2E8D-5B85-41A7-B256-DA186949B948}.Release|Any CPU.Build.0 = Release|Any CPU
		{F8E6E3FE-AEEB-4B8C-9991-26173099EB11}.Debug|Any CPU.ActiveCfg = Debug|Any CPU
		{F8E6E3FE-AEEB-4B8C-9991-26173099EB11}.Debug|Any CPU.Build.0 = Debug|Any CPU
		{F8E6E3FE-AEEB-4B8C-9991-26173099EB11}.Release|Any CPU.ActiveCfg = Release|Any CPU
		{F8E6E3FE-AEEB-4B8C-9991-26173099EB11}.Release|Any CPU.Build.0 = Release|Any CPU
	EndGlobalSection
	GlobalSection(SolutionProperties) = preSolution
		HideSolutionNode = FALSE
	EndGlobalSection
	GlobalSection(ExtensibilityGlobals) = postSolution
		SolutionGuid = {2BB42332-6792-41FC-9D25-F5F569DB388C}
	EndGlobalSection
EndGlobal
